
Microsoft Visual Studio Solution File, Format Version 12.00
# Visual Studio 15
VisualStudioVersion = 15.0.27428.2027
MinimumVisualStudioVersion = 10.0.40219.1
Project("{2150E333-8FDC-42A3-9474-1A3956D46DE8}") = "01 kitamieji", "01 kitamieji", "{45100AE7-8BFC-4DEA-A50A-2D05DDDE6803}"
EndProject
Project("{2150E333-8FDC-42A3-9474-1A3956D46DE8}") = "02 isvedimas", "02 isvedimas", "{DA65BEC1-7866-4F21-98B2-325485E8220E}"
EndProject
Project("{2150E333-8FDC-42A3-9474-1A3956D46DE8}") = "03 aritmetiniai veiksmai", "03 aritmetiniai veiksmai", "{D95FB23E-4517-4915-863B-ED28B8C9AA56}"
EndProject
Project("{2150E333-8FDC-42A3-9474-1A3956D46DE8}") = "04 ivedimas", "04 ivedimas", "{C6ACB3B2-36EE-4DBA-BB4F-D87104B1CEA8}"
EndProject
Project("{FAE04EC0-301F-11D3-BF4B-00C04F79EFBC}") = "1-1", "1-1\1-1.csproj", "{084F1F47-3527-4953-BBC5-3246F4B48BAF}"
EndProject
Project("{FAE04EC0-301F-11D3-BF4B-00C04F79EFBC}") = "2-1", "ConsoleApp1\2-1.csproj", "{F4AECF0F-6C5F-4300-8BAE-4FD0F865E507}"
EndProject
Project("{FAE04EC0-301F-11D3-BF4B-00C04F79EFBC}") = "2-2", "2-2\2-2.csproj", "{72766CD8-3E31-47A3-BB71-D5C88E7852BA}"
EndProject
Project("{FAE04EC0-301F-11D3-BF4B-00C04F79EFBC}") = "2-3", "2-3\2-3.csproj", "{9EEBC5BA-1813-4E09-9880-C66F525B10E8}"
EndProject
Project("{FAE04EC0-301F-11D3-BF4B-00C04F79EFBC}") = "2-4", "2-4\2-4.csproj", "{FF105329-B4A4-4419-88C0-550C407A5636}"
EndProject
Project("{FAE04EC0-301F-11D3-BF4B-00C04F79EFBC}") = "2-5", "2-5\2-5.csproj", "{4A5F3963-257C-44CC-9D6B-01DA42AD8762}"
EndProject
Project("{FAE04EC0-301F-11D3-BF4B-00C04F79EFBC}") = "2-6", "2-6\2-6.csproj", "{6654AE93-3B48-445D-BA65-D64478F35075}"
EndProject
Project("{FAE04EC0-301F-11D3-BF4B-00C04F79EFBC}") = "3-1", "3-1\3-1.csproj", "{1677804F-9048-445A-843B-A3CB55CCF260}"
EndProject
Project("{FAE04EC0-301F-11D3-BF4B-00C04F79EFBC}") = "3-2", "3-2\3-2.csproj", "{E670BDCD-AF26-4C1A-9564-0CA267544F46}"
EndProject
Project("{FAE04EC0-301F-11D3-BF4B-00C04F79EFBC}") = "3-3", "3-3\3-3.csproj", "{9B4FE601-F34C-4F16-BFFB-B016C6F86294}"
EndProject
Project("{FAE04EC0-301F-11D3-BF4B-00C04F79EFBC}") = "3-4", "3-4\3-4.csproj", "{13FBF97B-D64D-496A-B82F-7B901FCF531F}"
EndProject
Project("{FAE04EC0-301F-11D3-BF4B-00C04F79EFBC}") = "3-5", "3-5\3-5.csproj", "{52DF55FE-70C2-47A6-B1C3-F35484FB76DD}"
EndProject
Project("{FAE04EC0-301F-11D3-BF4B-00C04F79EFBC}") = "3-6_padaryti", "ConsoleApp2\3-6_padaryti.csproj", "{5CA8AC0B-1493-4AB4-88A8-A8ED1C3525EB}"
EndProject
Project("{FAE04EC0-301F-11D3-BF4B-00C04F79EFBC}") = "4-0", "ConsoleApp3\4-0.csproj", "{27EF3A15-1CC3-4AA6-9957-8AA21A2A73EA}"
EndProject
Project("{FAE04EC0-301F-11D3-BF4B-00C04F79EFBC}") = "4-1", "4-1\4-1.csproj", "{2414E77E-F7DC-46DA-BD8C-D520E0B20DE4}"
EndProject
Project("{FAE04EC0-301F-11D3-BF4B-00C04F79EFBC}") = "4-2", "4-2\4-2.csproj", "{793990A9-049D-4B05-A625-C1DE00BFF9F8}"
EndProject
Project("{FAE04EC0-301F-11D3-BF4B-00C04F79EFBC}") = "4-3", "4-3\4-3.csproj", "{BFE87E12-83F2-405C-BB3E-022436DE2613}"
EndProject
Project("{FAE04EC0-301F-11D3-BF4B-00C04F79EFBC}") = "4-4", "4-4\4-4.csproj", "{8B2F182A-DC43-44E3-B7F3-8F5A8F0F15B2}"
EndProject
Project("{FAE04EC0-301F-11D3-BF4B-00C04F79EFBC}") = "4-5", "4-5\4-5.csproj", "{C25E9CB9-5CCA-4375-9F72-227DB6C18F6E}"
EndProject
Project("{FAE04EC0-301F-11D3-BF4B-00C04F79EFBC}") = "4-6", "4-6\4-6.csproj", "{18BEDDC4-061A-4D71-92FB-0E3991934316}"
EndProject
Project("{FAE04EC0-301F-11D3-BF4B-00C04F79EFBC}") = "4-7", "4-7\4-7.csproj", "{B10F2428-81DE-4D0B-BBBB-B8484D288F57}"
EndProject
Project("{2150E333-8FDC-42A3-9474-1A3956D46DE8}") = "05 IF salyga", "05 IF salyga", "{6B4D247F-4B75-4670-81FE-D04E3D142190}"
EndProject
Project("{FAE04EC0-301F-11D3-BF4B-00C04F79EFBC}") = "5-0 pavyzdziai", "5-0 pavyzdziai\5-0 pavyzdziai.csproj", "{6513E85F-27DF-4459-AEFB-1D5E0F81A72F}"
EndProject
Project("{FAE04EC0-301F-11D3-BF4B-00C04F79EFBC}") = "5-1", "5-1\5-1.csproj", "{F87FE129-7F11-46DE-996C-26E59197BBCB}"
EndProject
Project("{FAE04EC0-301F-11D3-BF4B-00C04F79EFBC}") = "5-2", "5-2\5-2.csproj", "{84FF130F-1E3E-4890-AF92-8C226A624679}"
EndProject
Project("{FAE04EC0-301F-11D3-BF4B-00C04F79EFBC}") = "5-3", "5-3\5-3.csproj", "{82CC09D1-6670-4C7A-9F4D-1CC911EACD72}"
EndProject
Project("{FAE04EC0-301F-11D3-BF4B-00C04F79EFBC}") = "5-4_padaryt", "5-4\5-4_padaryt.csproj", "{5EF60154-06A3-4FD0-859C-F285CC4E1FB9}"
EndProject
Project("{2150E333-8FDC-42A3-9474-1A3956D46DE8}") = "06 Else IF", "06 Else IF", "{9F73C881-9C27-4EDD-BBED-0E9DC39710EC}"
EndProject
Project("{FAE04EC0-301F-11D3-BF4B-00C04F79EFBC}") = "6-1", "6-1\6-1.csproj", "{FB88443F-6A1B-4DDC-A116-5C597986A44D}"
EndProject
Project("{2150E333-8FDC-42A3-9474-1A3956D46DE8}") = "00 Namu uzduotis", "00 Namu uzduotis", "{CB5C1ABC-B38F-45C0-A41E-32B56232DF0C}"
EndProject
Project("{FAE04EC0-301F-11D3-BF4B-00C04F79EFBC}") = "U 1", "U 1\U 1.csproj", "{D7799B70-759B-4222-98BE-1F61F7BA579A}"
EndProject
Project("{FAE04EC0-301F-11D3-BF4B-00C04F79EFBC}") = "6-3", "6-3\6-3.csproj", "{88FFE534-9F65-4A01-829F-DA633A22F303}"
EndProject
Project("{FAE04EC0-301F-11D3-BF4B-00C04F79EFBC}") = "6-4", "6-4\6-4.csproj", "{AC844872-96FB-4EAF-8D4B-C4C8D8E616EF}"
EndProject
Project("{FAE04EC0-301F-11D3-BF4B-00C04F79EFBC}") = "6-5", "6-5\6-5.csproj", "{639DAE3A-DE57-4429-874D-058C1110ECDC}"
EndProject
Project("{2150E333-8FDC-42A3-9474-1A3956D46DE8}") = "07 switch", "07 switch", "{4AE7CB4D-CC0A-418E-AB5D-5401CE7F27B3}"
EndProject
Project("{FAE04EC0-301F-11D3-BF4B-00C04F79EFBC}") = "7-1", "7-0 pvz\7-1.csproj", "{37E38271-5350-435D-9124-6688ACDCF073}"
EndProject
Project("{FAE04EC0-301F-11D3-BF4B-00C04F79EFBC}") = "7-3", "7-3\7-3.csproj", "{BDC730C0-EE5F-4334-B25D-1955C1ADFDB3}"
EndProject
Project("{FAE04EC0-301F-11D3-BF4B-00C04F79EFBC}") = "8-0", "08 Ciklai\8-0.csproj", "{1887B494-61C4-4C78-B2D8-D3C3655879E4}"
EndProject
Project("{2150E333-8FDC-42A3-9474-1A3956D46DE8}") = "08 Ciklas For", "08 Ciklas For", "{92ACDC11-E699-442E-B295-7B646620694C}"
EndProject
Project("{FAE04EC0-301F-11D3-BF4B-00C04F79EFBC}") = "8-1", "8-1\8-1.csproj", "{F8DDFA4B-A2CC-487B-BBE3-2576BB000B2D}"
EndProject
Project("{FAE04EC0-301F-11D3-BF4B-00C04F79EFBC}") = "8-2", "8-2\8-2.csproj", "{3A9B086F-0BFC-4755-933B-1E40DC7BE6D6}"
EndProject
Project("{FAE04EC0-301F-11D3-BF4B-00C04F79EFBC}") = "8-3", "8-3\8-3.csproj", "{20A2EB58-FED6-4487-9C23-E5C1EA1CAC1C}"
EndProject
Project("{FAE04EC0-301F-11D3-BF4B-00C04F79EFBC}") = "8-4", "8-4\8-4.csproj", "{371560C8-A55F-4145-82F5-2A4CB98239F8}"
EndProject
Project("{FAE04EC0-301F-11D3-BF4B-00C04F79EFBC}") = "8-5", "8-5\8-5.csproj", "{97EC3E0A-1875-4D3C-A678-42ECA5395FA8}"
EndProject
Project("{FAE04EC0-301F-11D3-BF4B-00C04F79EFBC}") = "8-6", "8-6\8-6.csproj", "{298C8BE7-529B-43E2-880E-FB7F359F671D}"
EndProject
Project("{FAE04EC0-301F-11D3-BF4B-00C04F79EFBC}") = "8-7", "8-7\8-7.csproj", "{62C5A24F-AED0-4F24-A730-5C657D9C361C}"
EndProject
Project("{FAE04EC0-301F-11D3-BF4B-00C04F79EFBC}") = "8-8", "8-8\8-8.csproj", "{35A89B14-2EE1-4EFA-B182-8B6A7B6E8343}"
EndProject
Project("{FAE04EC0-301F-11D3-BF4B-00C04F79EFBC}") = "8-9", "8-9\8-9.csproj", "{0E74F387-9968-4E5B-BEC0-436A62BAECA9}"
EndProject
Project("{FAE04EC0-301F-11D3-BF4B-00C04F79EFBC}") = "8-10", "8-10\8-10.csproj", "{29201C61-E20C-4781-AE17-0CB9DB7A408B}"
EndProject
Project("{FAE04EC0-301F-11D3-BF4B-00C04F79EFBC}") = "8-11", "8-11\8-11.csproj", "{21A0E455-27DF-4F91-8317-7DDCACD67D5A}"
EndProject
Project("{FAE04EC0-301F-11D3-BF4B-00C04F79EFBC}") = "8-12", "8-12\8-12.csproj", "{1874AD27-D6C6-4BED-B1E7-AF43BABC68C0}"
EndProject
Project("{2150E333-8FDC-42A3-9474-1A3956D46DE8}") = "09 Ciklas While", "09 Ciklas While", "{C4FF95CC-01DD-4472-A300-2FE1AA8B86A4}"
EndProject
Project("{FAE04EC0-301F-11D3-BF4B-00C04F79EFBC}") = "9-1", "9-1\9-1.csproj", "{F0FFD119-CDCC-46CD-B401-FAA907D63F30}"
EndProject
Project("{FAE04EC0-301F-11D3-BF4B-00C04F79EFBC}") = "9-2", "9-2\9-2.csproj", "{C1C745BB-BA70-4CBC-A69B-FDB819A43417}"
EndProject
Project("{FAE04EC0-301F-11D3-BF4B-00C04F79EFBC}") = "9-3", "9-3\9-3.csproj", "{C1B5A15E-7097-4B19-BCFE-66191CD03692}"
EndProject
Project("{FAE04EC0-301F-11D3-BF4B-00C04F79EFBC}") = "9-4", "9-4\9-4.csproj", "{AB578EFE-9AAA-49F4-BFA3-B4B2369E26C1}"
EndProject
Project("{FAE04EC0-301F-11D3-BF4B-00C04F79EFBC}") = "9-5", "9-5\9-5.csproj", "{E63C46A8-392A-48A1-A46D-8123BFB22B85}"
EndProject
Project("{FAE04EC0-301F-11D3-BF4B-00C04F79EFBC}") = "9-6", "9-6\9-6.csproj", "{EEDF01C9-A828-4738-9C69-D515BD53617A}"
EndProject
Project("{2150E333-8FDC-42A3-9474-1A3956D46DE8}") = "10 Ciklas Do while", "10 Ciklas Do while", "{33F7BB8F-73B6-4443-8DC0-0F052F5ACDE9}"
EndProject
Project("{FAE04EC0-301F-11D3-BF4B-00C04F79EFBC}") = "10-1", "10-1\10-1.csproj", "{4BDDD7B3-246B-4FA1-B2ED-30F0737DF778}"
EndProject
Project("{FAE04EC0-301F-11D3-BF4B-00C04F79EFBC}") = "00 test1", "00 test1\00 test1.csproj", "{CE2DEE29-4E36-45AE-92BB-EE9FA98625BE}"
EndProject
Project("{2150E333-8FDC-42A3-9474-1A3956D46DE8}") = "11 Masyvai Arrays", "11 Masyvai Arrays", "{28310509-09B5-48FE-B369-B6D300D95F1A}"
EndProject
Project("{FAE04EC0-301F-11D3-BF4B-00C04F79EFBC}") = "11-0", "11-1\11-0.csproj", "{2BFA76A3-2953-4048-BB79-1F341BFA6411}"
EndProject
Project("{FAE04EC0-301F-11D3-BF4B-00C04F79EFBC}") = "11-2", "11-2\11-2.csproj", "{81192951-D81F-4613-897F-3D2E7FC61CFD}"
EndProject
Project("{FAE04EC0-301F-11D3-BF4B-00C04F79EFBC}") = "11-3", "11-3\11-3.csproj", "{B54ECADA-E291-4A6D-8FE9-B5CA1005E4B4}"
EndProject
Project("{FAE04EC0-301F-11D3-BF4B-00C04F79EFBC}") = "11-4", "11-4\11-4.csproj", "{5F22E78B-DEFB-4095-A571-26DEFD6F6D24}"
EndProject
Project("{FAE04EC0-301F-11D3-BF4B-00C04F79EFBC}") = "11-5", "11-5\11-5.csproj", "{C5D1D538-95BD-4FDA-A137-D8820825095C}"
EndProject
Project("{FAE04EC0-301F-11D3-BF4B-00C04F79EFBC}") = "11-6", "11-6\11-6.csproj", "{C4BE5BBE-B1A9-4A58-AC07-27CB4215F2B6}"
EndProject
Project("{FAE04EC0-301F-11D3-BF4B-00C04F79EFBC}") = "11-7", "11-7\11-7.csproj", "{47879588-2B67-48BA-A6CB-9E0AD984A3BE}"
EndProject
Project("{2150E333-8FDC-42A3-9474-1A3956D46DE8}") = "12 List", "12 List", "{D42D5257-FB24-4188-98D1-560A376AA6F4}"
EndProject
Project("{FAE04EC0-301F-11D3-BF4B-00C04F79EFBC}") = "12-0", "12-0\12-0.csproj", "{54273B4D-0AFE-4DB9-A940-12FCA57A76BD}"
EndProject
Project("{FAE04EC0-301F-11D3-BF4B-00C04F79EFBC}") = "12-1", "12-1\12-1.csproj", "{5CCDB2E7-0EAC-4A83-81F9-233E3CFB87D4}"
EndProject
Project("{FAE04EC0-301F-11D3-BF4B-00C04F79EFBC}") = "12-2", "12-2\12-2.csproj", "{2CFE2399-855F-4612-B348-45DE541027FD}"
EndProject
Project("{FAE04EC0-301F-11D3-BF4B-00C04F79EFBC}") = "0-0", "0-0\0-0.csproj", "{821D34B9-0CB6-4F0E-AB46-1A7B5614E9D0}"
EndProject
Project("{2150E333-8FDC-42A3-9474-1A3956D46DE8}") = "13 Methods Function", "13 Methods Function", "{B2652427-E720-4D52-8016-FC6CF2F6F9C1}"
EndProject
Project("{FAE04EC0-301F-11D3-BF4B-00C04F79EFBC}") = "13-0", "13-0\13-0.csproj", "{4F7FC47A-6E9D-4E62-8AB5-61C7AE780617}"
EndProject
Project("{FAE04EC0-301F-11D3-BF4B-00C04F79EFBC}") = "13-1", "13-1\13-1.csproj", "{822240E3-47A1-46A6-93AD-0D462BAE9B74}"
EndProject
Project("{FAE04EC0-301F-11D3-BF4B-00C04F79EFBC}") = "13-2", "13-2\13-2.csproj", "{A6237702-885C-425A-BFCB-F45B96158088}"
EndProject
Project("{FAE04EC0-301F-11D3-BF4B-00C04F79EFBC}") = "Indeksavimas", "Indeksavimas\Indeksavimas.csproj", "{42B64845-A254-442A-8B72-DA7BC1112921}"
EndProject
Project("{2150E333-8FDC-42A3-9474-1A3956D46DE8}") = "14 Klases", "14 Klases", "{4A08B373-FAB0-48DD-848C-2090E7F2E23E}"
EndProject
Project("{FAE04EC0-301F-11D3-BF4B-00C04F79EFBC}") = "14-0", "14-0\14-0.csproj", "{8617DEE8-31A7-466D-AABB-33A6CA52F6FD}"
EndProject
Project("{FAE04EC0-301F-11D3-BF4B-00C04F79EFBC}") = "14-1", "14-1\14-1.csproj", "{EED9389C-199B-48B0-82A9-A6C3D6445CE8}"
EndProject
Project("{FAE04EC0-301F-11D3-BF4B-00C04F79EFBC}") = "14-2 Prekes", "14-2 Prekes\14-2 Prekes.csproj", "{C66B5F57-E09E-44CD-ACDF-50DB50046542}"
EndProject
Global
	GlobalSection(SolutionConfigurationPlatforms) = preSolution
		Debug|Any CPU = Debug|Any CPU
		Release|Any CPU = Release|Any CPU
	EndGlobalSection
	GlobalSection(ProjectConfigurationPlatforms) = postSolution
		{084F1F47-3527-4953-BBC5-3246F4B48BAF}.Debug|Any CPU.ActiveCfg = Debug|Any CPU
		{084F1F47-3527-4953-BBC5-3246F4B48BAF}.Debug|Any CPU.Build.0 = Debug|Any CPU
		{084F1F47-3527-4953-BBC5-3246F4B48BAF}.Release|Any CPU.ActiveCfg = Release|Any CPU
		{084F1F47-3527-4953-BBC5-3246F4B48BAF}.Release|Any CPU.Build.0 = Release|Any CPU
		{F4AECF0F-6C5F-4300-8BAE-4FD0F865E507}.Debug|Any CPU.ActiveCfg = Debug|Any CPU
		{F4AECF0F-6C5F-4300-8BAE-4FD0F865E507}.Debug|Any CPU.Build.0 = Debug|Any CPU
		{F4AECF0F-6C5F-4300-8BAE-4FD0F865E507}.Release|Any CPU.ActiveCfg = Release|Any CPU
		{F4AECF0F-6C5F-4300-8BAE-4FD0F865E507}.Release|Any CPU.Build.0 = Release|Any CPU
		{72766CD8-3E31-47A3-BB71-D5C88E7852BA}.Debug|Any CPU.ActiveCfg = Debug|Any CPU
		{72766CD8-3E31-47A3-BB71-D5C88E7852BA}.Debug|Any CPU.Build.0 = Debug|Any CPU
		{72766CD8-3E31-47A3-BB71-D5C88E7852BA}.Release|Any CPU.ActiveCfg = Release|Any CPU
		{72766CD8-3E31-47A3-BB71-D5C88E7852BA}.Release|Any CPU.Build.0 = Release|Any CPU
		{9EEBC5BA-1813-4E09-9880-C66F525B10E8}.Debug|Any CPU.ActiveCfg = Debug|Any CPU
		{9EEBC5BA-1813-4E09-9880-C66F525B10E8}.Debug|Any CPU.Build.0 = Debug|Any CPU
		{9EEBC5BA-1813-4E09-9880-C66F525B10E8}.Release|Any CPU.ActiveCfg = Release|Any CPU
		{9EEBC5BA-1813-4E09-9880-C66F525B10E8}.Release|Any CPU.Build.0 = Release|Any CPU
		{FF105329-B4A4-4419-88C0-550C407A5636}.Debug|Any CPU.ActiveCfg = Debug|Any CPU
		{FF105329-B4A4-4419-88C0-550C407A5636}.Debug|Any CPU.Build.0 = Debug|Any CPU
		{FF105329-B4A4-4419-88C0-550C407A5636}.Release|Any CPU.ActiveCfg = Release|Any CPU
		{FF105329-B4A4-4419-88C0-550C407A5636}.Release|Any CPU.Build.0 = Release|Any CPU
		{4A5F3963-257C-44CC-9D6B-01DA42AD8762}.Debug|Any CPU.ActiveCfg = Debug|Any CPU
		{4A5F3963-257C-44CC-9D6B-01DA42AD8762}.Debug|Any CPU.Build.0 = Debug|Any CPU
		{4A5F3963-257C-44CC-9D6B-01DA42AD8762}.Release|Any CPU.ActiveCfg = Release|Any CPU
		{4A5F3963-257C-44CC-9D6B-01DA42AD8762}.Release|Any CPU.Build.0 = Release|Any CPU
		{6654AE93-3B48-445D-BA65-D64478F35075}.Debug|Any CPU.ActiveCfg = Debug|Any CPU
		{6654AE93-3B48-445D-BA65-D64478F35075}.Debug|Any CPU.Build.0 = Debug|Any CPU
		{6654AE93-3B48-445D-BA65-D64478F35075}.Release|Any CPU.ActiveCfg = Release|Any CPU
		{6654AE93-3B48-445D-BA65-D64478F35075}.Release|Any CPU.Build.0 = Release|Any CPU
		{1677804F-9048-445A-843B-A3CB55CCF260}.Debug|Any CPU.ActiveCfg = Debug|Any CPU
		{1677804F-9048-445A-843B-A3CB55CCF260}.Debug|Any CPU.Build.0 = Debug|Any CPU
		{1677804F-9048-445A-843B-A3CB55CCF260}.Release|Any CPU.ActiveCfg = Release|Any CPU
		{1677804F-9048-445A-843B-A3CB55CCF260}.Release|Any CPU.Build.0 = Release|Any CPU
		{E670BDCD-AF26-4C1A-9564-0CA267544F46}.Debug|Any CPU.ActiveCfg = Debug|Any CPU
		{E670BDCD-AF26-4C1A-9564-0CA267544F46}.Debug|Any CPU.Build.0 = Debug|Any CPU
		{E670BDCD-AF26-4C1A-9564-0CA267544F46}.Release|Any CPU.ActiveCfg = Release|Any CPU
		{E670BDCD-AF26-4C1A-9564-0CA267544F46}.Release|Any CPU.Build.0 = Release|Any CPU
		{9B4FE601-F34C-4F16-BFFB-B016C6F86294}.Debug|Any CPU.ActiveCfg = Debug|Any CPU
		{9B4FE601-F34C-4F16-BFFB-B016C6F86294}.Debug|Any CPU.Build.0 = Debug|Any CPU
		{9B4FE601-F34C-4F16-BFFB-B016C6F86294}.Release|Any CPU.ActiveCfg = Release|Any CPU
		{9B4FE601-F34C-4F16-BFFB-B016C6F86294}.Release|Any CPU.Build.0 = Release|Any CPU
		{13FBF97B-D64D-496A-B82F-7B901FCF531F}.Debug|Any CPU.ActiveCfg = Debug|Any CPU
		{13FBF97B-D64D-496A-B82F-7B901FCF531F}.Debug|Any CPU.Build.0 = Debug|Any CPU
		{13FBF97B-D64D-496A-B82F-7B901FCF531F}.Release|Any CPU.ActiveCfg = Release|Any CPU
		{13FBF97B-D64D-496A-B82F-7B901FCF531F}.Release|Any CPU.Build.0 = Release|Any CPU
		{52DF55FE-70C2-47A6-B1C3-F35484FB76DD}.Debug|Any CPU.ActiveCfg = Debug|Any CPU
		{52DF55FE-70C2-47A6-B1C3-F35484FB76DD}.Debug|Any CPU.Build.0 = Debug|Any CPU
		{52DF55FE-70C2-47A6-B1C3-F35484FB76DD}.Release|Any CPU.ActiveCfg = Release|Any CPU
		{52DF55FE-70C2-47A6-B1C3-F35484FB76DD}.Release|Any CPU.Build.0 = Release|Any CPU
		{5CA8AC0B-1493-4AB4-88A8-A8ED1C3525EB}.Debug|Any CPU.ActiveCfg = Debug|Any CPU
		{5CA8AC0B-1493-4AB4-88A8-A8ED1C3525EB}.Debug|Any CPU.Build.0 = Debug|Any CPU
		{5CA8AC0B-1493-4AB4-88A8-A8ED1C3525EB}.Release|Any CPU.ActiveCfg = Release|Any CPU
		{5CA8AC0B-1493-4AB4-88A8-A8ED1C3525EB}.Release|Any CPU.Build.0 = Release|Any CPU
		{27EF3A15-1CC3-4AA6-9957-8AA21A2A73EA}.Debug|Any CPU.ActiveCfg = Debug|Any CPU
		{27EF3A15-1CC3-4AA6-9957-8AA21A2A73EA}.Debug|Any CPU.Build.0 = Debug|Any CPU
		{27EF3A15-1CC3-4AA6-9957-8AA21A2A73EA}.Release|Any CPU.ActiveCfg = Release|Any CPU
		{27EF3A15-1CC3-4AA6-9957-8AA21A2A73EA}.Release|Any CPU.Build.0 = Release|Any CPU
		{2414E77E-F7DC-46DA-BD8C-D520E0B20DE4}.Debug|Any CPU.ActiveCfg = Debug|Any CPU
		{2414E77E-F7DC-46DA-BD8C-D520E0B20DE4}.Debug|Any CPU.Build.0 = Debug|Any CPU
		{2414E77E-F7DC-46DA-BD8C-D520E0B20DE4}.Release|Any CPU.ActiveCfg = Release|Any CPU
		{2414E77E-F7DC-46DA-BD8C-D520E0B20DE4}.Release|Any CPU.Build.0 = Release|Any CPU
		{793990A9-049D-4B05-A625-C1DE00BFF9F8}.Debug|Any CPU.ActiveCfg = Debug|Any CPU
		{793990A9-049D-4B05-A625-C1DE00BFF9F8}.Debug|Any CPU.Build.0 = Debug|Any CPU
		{793990A9-049D-4B05-A625-C1DE00BFF9F8}.Release|Any CPU.ActiveCfg = Release|Any CPU
		{793990A9-049D-4B05-A625-C1DE00BFF9F8}.Release|Any CPU.Build.0 = Release|Any CPU
		{BFE87E12-83F2-405C-BB3E-022436DE2613}.Debug|Any CPU.ActiveCfg = Debug|Any CPU
		{BFE87E12-83F2-405C-BB3E-022436DE2613}.Debug|Any CPU.Build.0 = Debug|Any CPU
		{BFE87E12-83F2-405C-BB3E-022436DE2613}.Release|Any CPU.ActiveCfg = Release|Any CPU
		{BFE87E12-83F2-405C-BB3E-022436DE2613}.Release|Any CPU.Build.0 = Release|Any CPU
		{8B2F182A-DC43-44E3-B7F3-8F5A8F0F15B2}.Debug|Any CPU.ActiveCfg = Debug|Any CPU
		{8B2F182A-DC43-44E3-B7F3-8F5A8F0F15B2}.Debug|Any CPU.Build.0 = Debug|Any CPU
		{8B2F182A-DC43-44E3-B7F3-8F5A8F0F15B2}.Release|Any CPU.ActiveCfg = Release|Any CPU
		{8B2F182A-DC43-44E3-B7F3-8F5A8F0F15B2}.Release|Any CPU.Build.0 = Release|Any CPU
		{C25E9CB9-5CCA-4375-9F72-227DB6C18F6E}.Debug|Any CPU.ActiveCfg = Debug|Any CPU
		{C25E9CB9-5CCA-4375-9F72-227DB6C18F6E}.Debug|Any CPU.Build.0 = Debug|Any CPU
		{C25E9CB9-5CCA-4375-9F72-227DB6C18F6E}.Release|Any CPU.ActiveCfg = Release|Any CPU
		{C25E9CB9-5CCA-4375-9F72-227DB6C18F6E}.Release|Any CPU.Build.0 = Release|Any CPU
		{18BEDDC4-061A-4D71-92FB-0E3991934316}.Debug|Any CPU.ActiveCfg = Debug|Any CPU
		{18BEDDC4-061A-4D71-92FB-0E3991934316}.Debug|Any CPU.Build.0 = Debug|Any CPU
		{18BEDDC4-061A-4D71-92FB-0E3991934316}.Release|Any CPU.ActiveCfg = Release|Any CPU
		{18BEDDC4-061A-4D71-92FB-0E3991934316}.Release|Any CPU.Build.0 = Release|Any CPU
		{B10F2428-81DE-4D0B-BBBB-B8484D288F57}.Debug|Any CPU.ActiveCfg = Debug|Any CPU
		{B10F2428-81DE-4D0B-BBBB-B8484D288F57}.Debug|Any CPU.Build.0 = Debug|Any CPU
		{B10F2428-81DE-4D0B-BBBB-B8484D288F57}.Release|Any CPU.ActiveCfg = Release|Any CPU
		{B10F2428-81DE-4D0B-BBBB-B8484D288F57}.Release|Any CPU.Build.0 = Release|Any CPU
		{6513E85F-27DF-4459-AEFB-1D5E0F81A72F}.Debug|Any CPU.ActiveCfg = Debug|Any CPU
		{6513E85F-27DF-4459-AEFB-1D5E0F81A72F}.Debug|Any CPU.Build.0 = Debug|Any CPU
		{6513E85F-27DF-4459-AEFB-1D5E0F81A72F}.Release|Any CPU.ActiveCfg = Release|Any CPU
		{6513E85F-27DF-4459-AEFB-1D5E0F81A72F}.Release|Any CPU.Build.0 = Release|Any CPU
		{F87FE129-7F11-46DE-996C-26E59197BBCB}.Debug|Any CPU.ActiveCfg = Debug|Any CPU
		{F87FE129-7F11-46DE-996C-26E59197BBCB}.Debug|Any CPU.Build.0 = Debug|Any CPU
		{F87FE129-7F11-46DE-996C-26E59197BBCB}.Release|Any CPU.ActiveCfg = Release|Any CPU
		{F87FE129-7F11-46DE-996C-26E59197BBCB}.Release|Any CPU.Build.0 = Release|Any CPU
		{84FF130F-1E3E-4890-AF92-8C226A624679}.Debug|Any CPU.ActiveCfg = Debug|Any CPU
		{84FF130F-1E3E-4890-AF92-8C226A624679}.Debug|Any CPU.Build.0 = Debug|Any CPU
		{84FF130F-1E3E-4890-AF92-8C226A624679}.Release|Any CPU.ActiveCfg = Release|Any CPU
		{84FF130F-1E3E-4890-AF92-8C226A624679}.Release|Any CPU.Build.0 = Release|Any CPU
		{82CC09D1-6670-4C7A-9F4D-1CC911EACD72}.Debug|Any CPU.ActiveCfg = Debug|Any CPU
		{82CC09D1-6670-4C7A-9F4D-1CC911EACD72}.Debug|Any CPU.Build.0 = Debug|Any CPU
		{82CC09D1-6670-4C7A-9F4D-1CC911EACD72}.Release|Any CPU.ActiveCfg = Release|Any CPU
		{82CC09D1-6670-4C7A-9F4D-1CC911EACD72}.Release|Any CPU.Build.0 = Release|Any CPU
		{5EF60154-06A3-4FD0-859C-F285CC4E1FB9}.Debug|Any CPU.ActiveCfg = Debug|Any CPU
		{5EF60154-06A3-4FD0-859C-F285CC4E1FB9}.Debug|Any CPU.Build.0 = Debug|Any CPU
		{5EF60154-06A3-4FD0-859C-F285CC4E1FB9}.Release|Any CPU.ActiveCfg = Release|Any CPU
		{5EF60154-06A3-4FD0-859C-F285CC4E1FB9}.Release|Any CPU.Build.0 = Release|Any CPU
		{FB88443F-6A1B-4DDC-A116-5C597986A44D}.Debug|Any CPU.ActiveCfg = Debug|Any CPU
		{FB88443F-6A1B-4DDC-A116-5C597986A44D}.Debug|Any CPU.Build.0 = Debug|Any CPU
		{FB88443F-6A1B-4DDC-A116-5C597986A44D}.Release|Any CPU.ActiveCfg = Release|Any CPU
		{FB88443F-6A1B-4DDC-A116-5C597986A44D}.Release|Any CPU.Build.0 = Release|Any CPU
		{D7799B70-759B-4222-98BE-1F61F7BA579A}.Debug|Any CPU.ActiveCfg = Debug|Any CPU
		{D7799B70-759B-4222-98BE-1F61F7BA579A}.Debug|Any CPU.Build.0 = Debug|Any CPU
		{D7799B70-759B-4222-98BE-1F61F7BA579A}.Release|Any CPU.ActiveCfg = Release|Any CPU
		{D7799B70-759B-4222-98BE-1F61F7BA579A}.Release|Any CPU.Build.0 = Release|Any CPU
		{88FFE534-9F65-4A01-829F-DA633A22F303}.Debug|Any CPU.ActiveCfg = Debug|Any CPU
		{88FFE534-9F65-4A01-829F-DA633A22F303}.Debug|Any CPU.Build.0 = Debug|Any CPU
		{88FFE534-9F65-4A01-829F-DA633A22F303}.Release|Any CPU.ActiveCfg = Release|Any CPU
		{88FFE534-9F65-4A01-829F-DA633A22F303}.Release|Any CPU.Build.0 = Release|Any CPU
		{AC844872-96FB-4EAF-8D4B-C4C8D8E616EF}.Debug|Any CPU.ActiveCfg = Debug|Any CPU
		{AC844872-96FB-4EAF-8D4B-C4C8D8E616EF}.Debug|Any CPU.Build.0 = Debug|Any CPU
		{AC844872-96FB-4EAF-8D4B-C4C8D8E616EF}.Release|Any CPU.ActiveCfg = Release|Any CPU
		{AC844872-96FB-4EAF-8D4B-C4C8D8E616EF}.Release|Any CPU.Build.0 = Release|Any CPU
		{639DAE3A-DE57-4429-874D-058C1110ECDC}.Debug|Any CPU.ActiveCfg = Debug|Any CPU
		{639DAE3A-DE57-4429-874D-058C1110ECDC}.Debug|Any CPU.Build.0 = Debug|Any CPU
		{639DAE3A-DE57-4429-874D-058C1110ECDC}.Release|Any CPU.ActiveCfg = Release|Any CPU
		{639DAE3A-DE57-4429-874D-058C1110ECDC}.Release|Any CPU.Build.0 = Release|Any CPU
		{37E38271-5350-435D-9124-6688ACDCF073}.Debug|Any CPU.ActiveCfg = Debug|Any CPU
		{37E38271-5350-435D-9124-6688ACDCF073}.Debug|Any CPU.Build.0 = Debug|Any CPU
		{37E38271-5350-435D-9124-6688ACDCF073}.Release|Any CPU.ActiveCfg = Release|Any CPU
		{37E38271-5350-435D-9124-6688ACDCF073}.Release|Any CPU.Build.0 = Release|Any CPU
		{BDC730C0-EE5F-4334-B25D-1955C1ADFDB3}.Debug|Any CPU.ActiveCfg = Debug|Any CPU
		{BDC730C0-EE5F-4334-B25D-1955C1ADFDB3}.Debug|Any CPU.Build.0 = Debug|Any CPU
		{BDC730C0-EE5F-4334-B25D-1955C1ADFDB3}.Release|Any CPU.ActiveCfg = Release|Any CPU
		{BDC730C0-EE5F-4334-B25D-1955C1ADFDB3}.Release|Any CPU.Build.0 = Release|Any CPU
		{1887B494-61C4-4C78-B2D8-D3C3655879E4}.Debug|Any CPU.ActiveCfg = Debug|Any CPU
		{1887B494-61C4-4C78-B2D8-D3C3655879E4}.Debug|Any CPU.Build.0 = Debug|Any CPU
		{1887B494-61C4-4C78-B2D8-D3C3655879E4}.Release|Any CPU.ActiveCfg = Release|Any CPU
		{1887B494-61C4-4C78-B2D8-D3C3655879E4}.Release|Any CPU.Build.0 = Release|Any CPU
		{F8DDFA4B-A2CC-487B-BBE3-2576BB000B2D}.Debug|Any CPU.ActiveCfg = Debug|Any CPU
		{F8DDFA4B-A2CC-487B-BBE3-2576BB000B2D}.Debug|Any CPU.Build.0 = Debug|Any CPU
		{F8DDFA4B-A2CC-487B-BBE3-2576BB000B2D}.Release|Any CPU.ActiveCfg = Release|Any CPU
		{F8DDFA4B-A2CC-487B-BBE3-2576BB000B2D}.Release|Any CPU.Build.0 = Release|Any CPU
		{3A9B086F-0BFC-4755-933B-1E40DC7BE6D6}.Debug|Any CPU.ActiveCfg = Debug|Any CPU
		{3A9B086F-0BFC-4755-933B-1E40DC7BE6D6}.Debug|Any CPU.Build.0 = Debug|Any CPU
		{3A9B086F-0BFC-4755-933B-1E40DC7BE6D6}.Release|Any CPU.ActiveCfg = Release|Any CPU
		{3A9B086F-0BFC-4755-933B-1E40DC7BE6D6}.Release|Any CPU.Build.0 = Release|Any CPU
		{20A2EB58-FED6-4487-9C23-E5C1EA1CAC1C}.Debug|Any CPU.ActiveCfg = Debug|Any CPU
		{20A2EB58-FED6-4487-9C23-E5C1EA1CAC1C}.Debug|Any CPU.Build.0 = Debug|Any CPU
		{20A2EB58-FED6-4487-9C23-E5C1EA1CAC1C}.Release|Any CPU.ActiveCfg = Release|Any CPU
		{20A2EB58-FED6-4487-9C23-E5C1EA1CAC1C}.Release|Any CPU.Build.0 = Release|Any CPU
		{371560C8-A55F-4145-82F5-2A4CB98239F8}.Debug|Any CPU.ActiveCfg = Debug|Any CPU
		{371560C8-A55F-4145-82F5-2A4CB98239F8}.Debug|Any CPU.Build.0 = Debug|Any CPU
		{371560C8-A55F-4145-82F5-2A4CB98239F8}.Release|Any CPU.ActiveCfg = Release|Any CPU
		{371560C8-A55F-4145-82F5-2A4CB98239F8}.Release|Any CPU.Build.0 = Release|Any CPU
		{97EC3E0A-1875-4D3C-A678-42ECA5395FA8}.Debug|Any CPU.ActiveCfg = Debug|Any CPU
		{97EC3E0A-1875-4D3C-A678-42ECA5395FA8}.Debug|Any CPU.Build.0 = Debug|Any CPU
		{97EC3E0A-1875-4D3C-A678-42ECA5395FA8}.Release|Any CPU.ActiveCfg = Release|Any CPU
		{97EC3E0A-1875-4D3C-A678-42ECA5395FA8}.Release|Any CPU.Build.0 = Release|Any CPU
		{298C8BE7-529B-43E2-880E-FB7F359F671D}.Debug|Any CPU.ActiveCfg = Debug|Any CPU
		{298C8BE7-529B-43E2-880E-FB7F359F671D}.Debug|Any CPU.Build.0 = Debug|Any CPU
		{298C8BE7-529B-43E2-880E-FB7F359F671D}.Release|Any CPU.ActiveCfg = Release|Any CPU
		{298C8BE7-529B-43E2-880E-FB7F359F671D}.Release|Any CPU.Build.0 = Release|Any CPU
		{62C5A24F-AED0-4F24-A730-5C657D9C361C}.Debug|Any CPU.ActiveCfg = Debug|Any CPU
		{62C5A24F-AED0-4F24-A730-5C657D9C361C}.Debug|Any CPU.Build.0 = Debug|Any CPU
		{62C5A24F-AED0-4F24-A730-5C657D9C361C}.Release|Any CPU.ActiveCfg = Release|Any CPU
		{62C5A24F-AED0-4F24-A730-5C657D9C361C}.Release|Any CPU.Build.0 = Release|Any CPU
		{35A89B14-2EE1-4EFA-B182-8B6A7B6E8343}.Debug|Any CPU.ActiveCfg = Debug|Any CPU
		{35A89B14-2EE1-4EFA-B182-8B6A7B6E8343}.Debug|Any CPU.Build.0 = Debug|Any CPU
		{35A89B14-2EE1-4EFA-B182-8B6A7B6E8343}.Release|Any CPU.ActiveCfg = Release|Any CPU
		{35A89B14-2EE1-4EFA-B182-8B6A7B6E8343}.Release|Any CPU.Build.0 = Release|Any CPU
		{0E74F387-9968-4E5B-BEC0-436A62BAECA9}.Debug|Any CPU.ActiveCfg = Debug|Any CPU
		{0E74F387-9968-4E5B-BEC0-436A62BAECA9}.Debug|Any CPU.Build.0 = Debug|Any CPU
		{0E74F387-9968-4E5B-BEC0-436A62BAECA9}.Release|Any CPU.ActiveCfg = Release|Any CPU
		{0E74F387-9968-4E5B-BEC0-436A62BAECA9}.Release|Any CPU.Build.0 = Release|Any CPU
		{29201C61-E20C-4781-AE17-0CB9DB7A408B}.Debug|Any CPU.ActiveCfg = Debug|Any CPU
		{29201C61-E20C-4781-AE17-0CB9DB7A408B}.Debug|Any CPU.Build.0 = Debug|Any CPU
		{29201C61-E20C-4781-AE17-0CB9DB7A408B}.Release|Any CPU.ActiveCfg = Release|Any CPU
		{29201C61-E20C-4781-AE17-0CB9DB7A408B}.Release|Any CPU.Build.0 = Release|Any CPU
		{21A0E455-27DF-4F91-8317-7DDCACD67D5A}.Debug|Any CPU.ActiveCfg = Debug|Any CPU
		{21A0E455-27DF-4F91-8317-7DDCACD67D5A}.Debug|Any CPU.Build.0 = Debug|Any CPU
		{21A0E455-27DF-4F91-8317-7DDCACD67D5A}.Release|Any CPU.ActiveCfg = Release|Any CPU
		{21A0E455-27DF-4F91-8317-7DDCACD67D5A}.Release|Any CPU.Build.0 = Release|Any CPU
		{1874AD27-D6C6-4BED-B1E7-AF43BABC68C0}.Debug|Any CPU.ActiveCfg = Debug|Any CPU
		{1874AD27-D6C6-4BED-B1E7-AF43BABC68C0}.Debug|Any CPU.Build.0 = Debug|Any CPU
		{1874AD27-D6C6-4BED-B1E7-AF43BABC68C0}.Release|Any CPU.ActiveCfg = Release|Any CPU
		{1874AD27-D6C6-4BED-B1E7-AF43BABC68C0}.Release|Any CPU.Build.0 = Release|Any CPU
		{F0FFD119-CDCC-46CD-B401-FAA907D63F30}.Debug|Any CPU.ActiveCfg = Debug|Any CPU
		{F0FFD119-CDCC-46CD-B401-FAA907D63F30}.Debug|Any CPU.Build.0 = Debug|Any CPU
		{F0FFD119-CDCC-46CD-B401-FAA907D63F30}.Release|Any CPU.ActiveCfg = Release|Any CPU
		{F0FFD119-CDCC-46CD-B401-FAA907D63F30}.Release|Any CPU.Build.0 = Release|Any CPU
		{C1C745BB-BA70-4CBC-A69B-FDB819A43417}.Debug|Any CPU.ActiveCfg = Debug|Any CPU
		{C1C745BB-BA70-4CBC-A69B-FDB819A43417}.Debug|Any CPU.Build.0 = Debug|Any CPU
		{C1C745BB-BA70-4CBC-A69B-FDB819A43417}.Release|Any CPU.ActiveCfg = Release|Any CPU
		{C1C745BB-BA70-4CBC-A69B-FDB819A43417}.Release|Any CPU.Build.0 = Release|Any CPU
		{C1B5A15E-7097-4B19-BCFE-66191CD03692}.Debug|Any CPU.ActiveCfg = Debug|Any CPU
		{C1B5A15E-7097-4B19-BCFE-66191CD03692}.Debug|Any CPU.Build.0 = Debug|Any CPU
		{C1B5A15E-7097-4B19-BCFE-66191CD03692}.Release|Any CPU.ActiveCfg = Release|Any CPU
		{C1B5A15E-7097-4B19-BCFE-66191CD03692}.Release|Any CPU.Build.0 = Release|Any CPU
		{AB578EFE-9AAA-49F4-BFA3-B4B2369E26C1}.Debug|Any CPU.ActiveCfg = Debug|Any CPU
		{AB578EFE-9AAA-49F4-BFA3-B4B2369E26C1}.Debug|Any CPU.Build.0 = Debug|Any CPU
		{AB578EFE-9AAA-49F4-BFA3-B4B2369E26C1}.Release|Any CPU.ActiveCfg = Release|Any CPU
		{AB578EFE-9AAA-49F4-BFA3-B4B2369E26C1}.Release|Any CPU.Build.0 = Release|Any CPU
		{E63C46A8-392A-48A1-A46D-8123BFB22B85}.Debug|Any CPU.ActiveCfg = Debug|Any CPU
		{E63C46A8-392A-48A1-A46D-8123BFB22B85}.Debug|Any CPU.Build.0 = Debug|Any CPU
		{E63C46A8-392A-48A1-A46D-8123BFB22B85}.Release|Any CPU.ActiveCfg = Release|Any CPU
		{E63C46A8-392A-48A1-A46D-8123BFB22B85}.Release|Any CPU.Build.0 = Release|Any CPU
		{EEDF01C9-A828-4738-9C69-D515BD53617A}.Debug|Any CPU.ActiveCfg = Debug|Any CPU
		{EEDF01C9-A828-4738-9C69-D515BD53617A}.Debug|Any CPU.Build.0 = Debug|Any CPU
		{EEDF01C9-A828-4738-9C69-D515BD53617A}.Release|Any CPU.ActiveCfg = Release|Any CPU
		{EEDF01C9-A828-4738-9C69-D515BD53617A}.Release|Any CPU.Build.0 = Release|Any CPU
		{4BDDD7B3-246B-4FA1-B2ED-30F0737DF778}.Debug|Any CPU.ActiveCfg = Debug|Any CPU
		{4BDDD7B3-246B-4FA1-B2ED-30F0737DF778}.Debug|Any CPU.Build.0 = Debug|Any CPU
		{4BDDD7B3-246B-4FA1-B2ED-30F0737DF778}.Release|Any CPU.ActiveCfg = Release|Any CPU
		{4BDDD7B3-246B-4FA1-B2ED-30F0737DF778}.Release|Any CPU.Build.0 = Release|Any CPU
		{CE2DEE29-4E36-45AE-92BB-EE9FA98625BE}.Debug|Any CPU.ActiveCfg = Debug|Any CPU
		{CE2DEE29-4E36-45AE-92BB-EE9FA98625BE}.Debug|Any CPU.Build.0 = Debug|Any CPU
		{CE2DEE29-4E36-45AE-92BB-EE9FA98625BE}.Release|Any CPU.ActiveCfg = Release|Any CPU
		{CE2DEE29-4E36-45AE-92BB-EE9FA98625BE}.Release|Any CPU.Build.0 = Release|Any CPU
		{2BFA76A3-2953-4048-BB79-1F341BFA6411}.Debug|Any CPU.ActiveCfg = Debug|Any CPU
		{2BFA76A3-2953-4048-BB79-1F341BFA6411}.Debug|Any CPU.Build.0 = Debug|Any CPU
		{2BFA76A3-2953-4048-BB79-1F341BFA6411}.Release|Any CPU.ActiveCfg = Release|Any CPU
		{2BFA76A3-2953-4048-BB79-1F341BFA6411}.Release|Any CPU.Build.0 = Release|Any CPU
		{81192951-D81F-4613-897F-3D2E7FC61CFD}.Debug|Any CPU.ActiveCfg = Debug|Any CPU
		{81192951-D81F-4613-897F-3D2E7FC61CFD}.Debug|Any CPU.Build.0 = Debug|Any CPU
		{81192951-D81F-4613-897F-3D2E7FC61CFD}.Release|Any CPU.ActiveCfg = Release|Any CPU
		{81192951-D81F-4613-897F-3D2E7FC61CFD}.Release|Any CPU.Build.0 = Release|Any CPU
		{B54ECADA-E291-4A6D-8FE9-B5CA1005E4B4}.Debug|Any CPU.ActiveCfg = Debug|Any CPU
		{B54ECADA-E291-4A6D-8FE9-B5CA1005E4B4}.Debug|Any CPU.Build.0 = Debug|Any CPU
		{B54ECADA-E291-4A6D-8FE9-B5CA1005E4B4}.Release|Any CPU.ActiveCfg = Release|Any CPU
		{B54ECADA-E291-4A6D-8FE9-B5CA1005E4B4}.Release|Any CPU.Build.0 = Release|Any CPU
		{5F22E78B-DEFB-4095-A571-26DEFD6F6D24}.Debug|Any CPU.ActiveCfg = Debug|Any CPU
		{5F22E78B-DEFB-4095-A571-26DEFD6F6D24}.Debug|Any CPU.Build.0 = Debug|Any CPU
		{5F22E78B-DEFB-4095-A571-26DEFD6F6D24}.Release|Any CPU.ActiveCfg = Release|Any CPU
		{5F22E78B-DEFB-4095-A571-26DEFD6F6D24}.Release|Any CPU.Build.0 = Release|Any CPU
		{C5D1D538-95BD-4FDA-A137-D8820825095C}.Debug|Any CPU.ActiveCfg = Debug|Any CPU
		{C5D1D538-95BD-4FDA-A137-D8820825095C}.Debug|Any CPU.Build.0 = Debug|Any CPU
		{C5D1D538-95BD-4FDA-A137-D8820825095C}.Release|Any CPU.ActiveCfg = Release|Any CPU
		{C5D1D538-95BD-4FDA-A137-D8820825095C}.Release|Any CPU.Build.0 = Release|Any CPU
		{C4BE5BBE-B1A9-4A58-AC07-27CB4215F2B6}.Debug|Any CPU.ActiveCfg = Debug|Any CPU
		{C4BE5BBE-B1A9-4A58-AC07-27CB4215F2B6}.Debug|Any CPU.Build.0 = Debug|Any CPU
		{C4BE5BBE-B1A9-4A58-AC07-27CB4215F2B6}.Release|Any CPU.ActiveCfg = Release|Any CPU
		{C4BE5BBE-B1A9-4A58-AC07-27CB4215F2B6}.Release|Any CPU.Build.0 = Release|Any CPU
		{47879588-2B67-48BA-A6CB-9E0AD984A3BE}.Debug|Any CPU.ActiveCfg = Debug|Any CPU
		{47879588-2B67-48BA-A6CB-9E0AD984A3BE}.Debug|Any CPU.Build.0 = Debug|Any CPU
		{47879588-2B67-48BA-A6CB-9E0AD984A3BE}.Release|Any CPU.ActiveCfg = Release|Any CPU
		{47879588-2B67-48BA-A6CB-9E0AD984A3BE}.Release|Any CPU.Build.0 = Release|Any CPU
		{54273B4D-0AFE-4DB9-A940-12FCA57A76BD}.Debug|Any CPU.ActiveCfg = Debug|Any CPU
		{54273B4D-0AFE-4DB9-A940-12FCA57A76BD}.Debug|Any CPU.Build.0 = Debug|Any CPU
		{54273B4D-0AFE-4DB9-A940-12FCA57A76BD}.Release|Any CPU.ActiveCfg = Release|Any CPU
		{54273B4D-0AFE-4DB9-A940-12FCA57A76BD}.Release|Any CPU.Build.0 = Release|Any CPU
		{5CCDB2E7-0EAC-4A83-81F9-233E3CFB87D4}.Debug|Any CPU.ActiveCfg = Debug|Any CPU
		{5CCDB2E7-0EAC-4A83-81F9-233E3CFB87D4}.Debug|Any CPU.Build.0 = Debug|Any CPU
		{5CCDB2E7-0EAC-4A83-81F9-233E3CFB87D4}.Release|Any CPU.ActiveCfg = Release|Any CPU
		{5CCDB2E7-0EAC-4A83-81F9-233E3CFB87D4}.Release|Any CPU.Build.0 = Release|Any CPU
		{2CFE2399-855F-4612-B348-45DE541027FD}.Debug|Any CPU.ActiveCfg = Debug|Any CPU
		{2CFE2399-855F-4612-B348-45DE541027FD}.Debug|Any CPU.Build.0 = Debug|Any CPU
		{2CFE2399-855F-4612-B348-45DE541027FD}.Release|Any CPU.ActiveCfg = Release|Any CPU
		{2CFE2399-855F-4612-B348-45DE541027FD}.Release|Any CPU.Build.0 = Release|Any CPU
		{821D34B9-0CB6-4F0E-AB46-1A7B5614E9D0}.Debug|Any CPU.ActiveCfg = Debug|Any CPU
		{821D34B9-0CB6-4F0E-AB46-1A7B5614E9D0}.Debug|Any CPU.Build.0 = Debug|Any CPU
		{821D34B9-0CB6-4F0E-AB46-1A7B5614E9D0}.Release|Any CPU.ActiveCfg = Release|Any CPU
		{821D34B9-0CB6-4F0E-AB46-1A7B5614E9D0}.Release|Any CPU.Build.0 = Release|Any CPU
		{4F7FC47A-6E9D-4E62-8AB5-61C7AE780617}.Debug|Any CPU.ActiveCfg = Debug|Any CPU
		{4F7FC47A-6E9D-4E62-8AB5-61C7AE780617}.Debug|Any CPU.Build.0 = Debug|Any CPU
		{4F7FC47A-6E9D-4E62-8AB5-61C7AE780617}.Release|Any CPU.ActiveCfg = Release|Any CPU
		{4F7FC47A-6E9D-4E62-8AB5-61C7AE780617}.Release|Any CPU.Build.0 = Release|Any CPU
		{822240E3-47A1-46A6-93AD-0D462BAE9B74}.Debug|Any CPU.ActiveCfg = Debug|Any CPU
		{822240E3-47A1-46A6-93AD-0D462BAE9B74}.Debug|Any CPU.Build.0 = Debug|Any CPU
		{822240E3-47A1-46A6-93AD-0D462BAE9B74}.Release|Any CPU.ActiveCfg = Release|Any CPU
		{822240E3-47A1-46A6-93AD-0D462BAE9B74}.Release|Any CPU.Build.0 = Release|Any CPU
		{A6237702-885C-425A-BFCB-F45B96158088}.Debug|Any CPU.ActiveCfg = Debug|Any CPU
		{A6237702-885C-425A-BFCB-F45B96158088}.Debug|Any CPU.Build.0 = Debug|Any CPU
		{A6237702-885C-425A-BFCB-F45B96158088}.Release|Any CPU.ActiveCfg = Release|Any CPU
		{A6237702-885C-425A-BFCB-F45B96158088}.Release|Any CPU.Build.0 = Release|Any CPU
		{42B64845-A254-442A-8B72-DA7BC1112921}.Debug|Any CPU.ActiveCfg = Debug|Any CPU
		{42B64845-A254-442A-8B72-DA7BC1112921}.Debug|Any CPU.Build.0 = Debug|Any CPU
		{42B64845-A254-442A-8B72-DA7BC1112921}.Release|Any CPU.ActiveCfg = Release|Any CPU
		{42B64845-A254-442A-8B72-DA7BC1112921}.Release|Any CPU.Build.0 = Release|Any CPU
		{8617DEE8-31A7-466D-AABB-33A6CA52F6FD}.Debug|Any CPU.ActiveCfg = Debug|Any CPU
		{8617DEE8-31A7-466D-AABB-33A6CA52F6FD}.Debug|Any CPU.Build.0 = Debug|Any CPU
		{8617DEE8-31A7-466D-AABB-33A6CA52F6FD}.Release|Any CPU.ActiveCfg = Release|Any CPU
		{8617DEE8-31A7-466D-AABB-33A6CA52F6FD}.Release|Any CPU.Build.0 = Release|Any CPU
		{EED9389C-199B-48B0-82A9-A6C3D6445CE8}.Debug|Any CPU.ActiveCfg = Debug|Any CPU
		{EED9389C-199B-48B0-82A9-A6C3D6445CE8}.Debug|Any CPU.Build.0 = Debug|Any CPU
		{EED9389C-199B-48B0-82A9-A6C3D6445CE8}.Release|Any CPU.ActiveCfg = Release|Any CPU
		{EED9389C-199B-48B0-82A9-A6C3D6445CE8}.Release|Any CPU.Build.0 = Release|Any CPU
		{C66B5F57-E09E-44CD-ACDF-50DB50046542}.Debug|Any CPU.ActiveCfg = Debug|Any CPU
		{C66B5F57-E09E-44CD-ACDF-50DB50046542}.Debug|Any CPU.Build.0 = Debug|Any CPU
		{C66B5F57-E09E-44CD-ACDF-50DB50046542}.Release|Any CPU.ActiveCfg = Release|Any CPU
		{C66B5F57-E09E-44CD-ACDF-50DB50046542}.Release|Any CPU.Build.0 = Release|Any CPU
	EndGlobalSection
	GlobalSection(SolutionProperties) = preSolution
		HideSolutionNode = FALSE
	EndGlobalSection
	GlobalSection(NestedProjects) = preSolution
		{084F1F47-3527-4953-BBC5-3246F4B48BAF} = {45100AE7-8BFC-4DEA-A50A-2D05DDDE6803}
		{F4AECF0F-6C5F-4300-8BAE-4FD0F865E507} = {DA65BEC1-7866-4F21-98B2-325485E8220E}
		{72766CD8-3E31-47A3-BB71-D5C88E7852BA} = {DA65BEC1-7866-4F21-98B2-325485E8220E}
		{9EEBC5BA-1813-4E09-9880-C66F525B10E8} = {DA65BEC1-7866-4F21-98B2-325485E8220E}
		{FF105329-B4A4-4419-88C0-550C407A5636} = {DA65BEC1-7866-4F21-98B2-325485E8220E}
		{4A5F3963-257C-44CC-9D6B-01DA42AD8762} = {DA65BEC1-7866-4F21-98B2-325485E8220E}
		{6654AE93-3B48-445D-BA65-D64478F35075} = {DA65BEC1-7866-4F21-98B2-325485E8220E}
		{1677804F-9048-445A-843B-A3CB55CCF260} = {D95FB23E-4517-4915-863B-ED28B8C9AA56}
		{E670BDCD-AF26-4C1A-9564-0CA267544F46} = {D95FB23E-4517-4915-863B-ED28B8C9AA56}
		{9B4FE601-F34C-4F16-BFFB-B016C6F86294} = {D95FB23E-4517-4915-863B-ED28B8C9AA56}
		{13FBF97B-D64D-496A-B82F-7B901FCF531F} = {D95FB23E-4517-4915-863B-ED28B8C9AA56}
		{52DF55FE-70C2-47A6-B1C3-F35484FB76DD} = {D95FB23E-4517-4915-863B-ED28B8C9AA56}
		{5CA8AC0B-1493-4AB4-88A8-A8ED1C3525EB} = {D95FB23E-4517-4915-863B-ED28B8C9AA56}
		{27EF3A15-1CC3-4AA6-9957-8AA21A2A73EA} = {C6ACB3B2-36EE-4DBA-BB4F-D87104B1CEA8}
		{2414E77E-F7DC-46DA-BD8C-D520E0B20DE4} = {C6ACB3B2-36EE-4DBA-BB4F-D87104B1CEA8}
		{793990A9-049D-4B05-A625-C1DE00BFF9F8} = {C6ACB3B2-36EE-4DBA-BB4F-D87104B1CEA8}
		{BFE87E12-83F2-405C-BB3E-022436DE2613} = {C6ACB3B2-36EE-4DBA-BB4F-D87104B1CEA8}
		{8B2F182A-DC43-44E3-B7F3-8F5A8F0F15B2} = {C6ACB3B2-36EE-4DBA-BB4F-D87104B1CEA8}
		{C25E9CB9-5CCA-4375-9F72-227DB6C18F6E} = {C6ACB3B2-36EE-4DBA-BB4F-D87104B1CEA8}
		{18BEDDC4-061A-4D71-92FB-0E3991934316} = {C6ACB3B2-36EE-4DBA-BB4F-D87104B1CEA8}
		{B10F2428-81DE-4D0B-BBBB-B8484D288F57} = {C6ACB3B2-36EE-4DBA-BB4F-D87104B1CEA8}
		{6513E85F-27DF-4459-AEFB-1D5E0F81A72F} = {6B4D247F-4B75-4670-81FE-D04E3D142190}
		{F87FE129-7F11-46DE-996C-26E59197BBCB} = {6B4D247F-4B75-4670-81FE-D04E3D142190}
		{84FF130F-1E3E-4890-AF92-8C226A624679} = {6B4D247F-4B75-4670-81FE-D04E3D142190}
		{82CC09D1-6670-4C7A-9F4D-1CC911EACD72} = {6B4D247F-4B75-4670-81FE-D04E3D142190}
		{5EF60154-06A3-4FD0-859C-F285CC4E1FB9} = {6B4D247F-4B75-4670-81FE-D04E3D142190}
		{FB88443F-6A1B-4DDC-A116-5C597986A44D} = {9F73C881-9C27-4EDD-BBED-0E9DC39710EC}
		{D7799B70-759B-4222-98BE-1F61F7BA579A} = {CB5C1ABC-B38F-45C0-A41E-32B56232DF0C}
		{88FFE534-9F65-4A01-829F-DA633A22F303} = {9F73C881-9C27-4EDD-BBED-0E9DC39710EC}
		{AC844872-96FB-4EAF-8D4B-C4C8D8E616EF} = {9F73C881-9C27-4EDD-BBED-0E9DC39710EC}
		{639DAE3A-DE57-4429-874D-058C1110ECDC} = {9F73C881-9C27-4EDD-BBED-0E9DC39710EC}
		{37E38271-5350-435D-9124-6688ACDCF073} = {4AE7CB4D-CC0A-418E-AB5D-5401CE7F27B3}
		{BDC730C0-EE5F-4334-B25D-1955C1ADFDB3} = {4AE7CB4D-CC0A-418E-AB5D-5401CE7F27B3}
		{1887B494-61C4-4C78-B2D8-D3C3655879E4} = {92ACDC11-E699-442E-B295-7B646620694C}
		{F8DDFA4B-A2CC-487B-BBE3-2576BB000B2D} = {92ACDC11-E699-442E-B295-7B646620694C}
		{3A9B086F-0BFC-4755-933B-1E40DC7BE6D6} = {92ACDC11-E699-442E-B295-7B646620694C}
		{20A2EB58-FED6-4487-9C23-E5C1EA1CAC1C} = {92ACDC11-E699-442E-B295-7B646620694C}
		{371560C8-A55F-4145-82F5-2A4CB98239F8} = {92ACDC11-E699-442E-B295-7B646620694C}
		{97EC3E0A-1875-4D3C-A678-42ECA5395FA8} = {92ACDC11-E699-442E-B295-7B646620694C}
		{298C8BE7-529B-43E2-880E-FB7F359F671D} = {92ACDC11-E699-442E-B295-7B646620694C}
		{62C5A24F-AED0-4F24-A730-5C657D9C361C} = {92ACDC11-E699-442E-B295-7B646620694C}
		{35A89B14-2EE1-4EFA-B182-8B6A7B6E8343} = {92ACDC11-E699-442E-B295-7B646620694C}
		{0E74F387-9968-4E5B-BEC0-436A62BAECA9} = {92ACDC11-E699-442E-B295-7B646620694C}
		{29201C61-E20C-4781-AE17-0CB9DB7A408B} = {92ACDC11-E699-442E-B295-7B646620694C}
		{21A0E455-27DF-4F91-8317-7DDCACD67D5A} = {92ACDC11-E699-442E-B295-7B646620694C}
		{1874AD27-D6C6-4BED-B1E7-AF43BABC68C0} = {92ACDC11-E699-442E-B295-7B646620694C}
		{F0FFD119-CDCC-46CD-B401-FAA907D63F30} = {C4FF95CC-01DD-4472-A300-2FE1AA8B86A4}
		{C1C745BB-BA70-4CBC-A69B-FDB819A43417} = {C4FF95CC-01DD-4472-A300-2FE1AA8B86A4}
		{C1B5A15E-7097-4B19-BCFE-66191CD03692} = {C4FF95CC-01DD-4472-A300-2FE1AA8B86A4}
		{AB578EFE-9AAA-49F4-BFA3-B4B2369E26C1} = {C4FF95CC-01DD-4472-A300-2FE1AA8B86A4}
		{E63C46A8-392A-48A1-A46D-8123BFB22B85} = {C4FF95CC-01DD-4472-A300-2FE1AA8B86A4}
		{EEDF01C9-A828-4738-9C69-D515BD53617A} = {C4FF95CC-01DD-4472-A300-2FE1AA8B86A4}
		{4BDDD7B3-246B-4FA1-B2ED-30F0737DF778} = {33F7BB8F-73B6-4443-8DC0-0F052F5ACDE9}
		{CE2DEE29-4E36-45AE-92BB-EE9FA98625BE} = {CB5C1ABC-B38F-45C0-A41E-32B56232DF0C}
		{2BFA76A3-2953-4048-BB79-1F341BFA6411} = {28310509-09B5-48FE-B369-B6D300D95F1A}
		{81192951-D81F-4613-897F-3D2E7FC61CFD} = {28310509-09B5-48FE-B369-B6D300D95F1A}
		{B54ECADA-E291-4A6D-8FE9-B5CA1005E4B4} = {28310509-09B5-48FE-B369-B6D300D95F1A}
		{5F22E78B-DEFB-4095-A571-26DEFD6F6D24} = {28310509-09B5-48FE-B369-B6D300D95F1A}
		{C5D1D538-95BD-4FDA-A137-D8820825095C} = {28310509-09B5-48FE-B369-B6D300D95F1A}
		{C4BE5BBE-B1A9-4A58-AC07-27CB4215F2B6} = {28310509-09B5-48FE-B369-B6D300D95F1A}
		{47879588-2B67-48BA-A6CB-9E0AD984A3BE} = {28310509-09B5-48FE-B369-B6D300D95F1A}
		{54273B4D-0AFE-4DB9-A940-12FCA57A76BD} = {D42D5257-FB24-4188-98D1-560A376AA6F4}
		{5CCDB2E7-0EAC-4A83-81F9-233E3CFB87D4} = {D42D5257-FB24-4188-98D1-560A376AA6F4}
		{2CFE2399-855F-4612-B348-45DE541027FD} = {D42D5257-FB24-4188-98D1-560A376AA6F4}
		{821D34B9-0CB6-4F0E-AB46-1A7B5614E9D0} = {CB5C1ABC-B38F-45C0-A41E-32B56232DF0C}
		{4F7FC47A-6E9D-4E62-8AB5-61C7AE780617} = {B2652427-E720-4D52-8016-FC6CF2F6F9C1}
		{822240E3-47A1-46A6-93AD-0D462BAE9B74} = {B2652427-E720-4D52-8016-FC6CF2F6F9C1}
		{A6237702-885C-425A-BFCB-F45B96158088} = {B2652427-E720-4D52-8016-FC6CF2F6F9C1}
		{42B64845-A254-442A-8B72-DA7BC1112921} = {CB5C1ABC-B38F-45C0-A41E-32B56232DF0C}
		{8617DEE8-31A7-466D-AABB-33A6CA52F6FD} = {4A08B373-FAB0-48DD-848C-2090E7F2E23E}
		{EED9389C-199B-48B0-82A9-A6C3D6445CE8} = {4A08B373-FAB0-48DD-848C-2090E7F2E23E}
		{C66B5F57-E09E-44CD-ACDF-50DB50046542} = {4A08B373-FAB0-48DD-848C-2090E7F2E23E}
	EndGlobalSection
	GlobalSection(ExtensibilityGlobals) = postSolution
		SolutionGuid = {9B4CDA89-8E8E-417D-BF6A-0440A2EFFCB6}
	EndGlobalSection
EndGlobal
